
Microsoft Visual Studio Solution File, Format Version 12.00
# Visual Studio 2013
VisualStudioVersion = 12.0.0.0
MinimumVisualStudioVersion = 10.0.0.1
Project("{FAE04EC0-301F-11D3-BF4B-00C04F79EFBC}") = "Bolster", "Bolster/Bolster.csproj", "{2CFF8ED2-329E-4438-8CB7-FEBBC52F2496}"
EndProject
Project("{FAE04EC0-301F-11D3-BF4B-00C04F79EFBC}") = "Bolster.Base.Theory", "Bolster.Base.Theory\Bolster.Base.Theory.csproj", "{CE60AE9C-45DC-4337-8E71-C6BBBC507E70}"
EndProject
Project("{FAE04EC0-301F-11D3-BF4B-00C04F79EFBC}") = "Bolster.Base", "Bolster.Base\Bolster.Base.csproj", "{7EEB1422-5A7E-4DFD-A042-4767B7BDD9E6}"
EndProject
Project("{FAE04EC0-301F-11D3-BF4B-00C04F79EFBC}") = "Bolster.API", "Bolster.API\Bolster.API.csproj", "{896AD551-C5AF-4EF5-B15D-097C7E9C96E7}"
EndProject
Project("{FAE04EC0-301F-11D3-BF4B-00C04F79EFBC}") = "Bolster.Utility", "Bolster.Utility\Bolster.Utility.csproj", "{37DAD600-EB9E-41EC-A321-46F217326BD6}"
EndProject
Global
	GlobalSection(SolutionConfigurationPlatforms) = preSolution
		Debug|Any CPU = Debug|Any CPU
		Release|Any CPU = Release|Any CPU
	EndGlobalSection
	GlobalSection(ProjectConfigurationPlatforms) = postSolution
		{2CFF8ED2-329E-4438-8CB7-FEBBC52F2496}.Debug|Any CPU.ActiveCfg = Debug|Any CPU
		{2CFF8ED2-329E-4438-8CB7-FEBBC52F2496}.Debug|Any CPU.Build.0 = Debug|Any CPU
		{2CFF8ED2-329E-4438-8CB7-FEBBC52F2496}.Release|Any CPU.ActiveCfg = Release|Any CPU
		{2CFF8ED2-329E-4438-8CB7-FEBBC52F2496}.Release|Any CPU.Build.0 = Release|Any CPU
		{CE60AE9C-45DC-4337-8E71-C6BBBC507E70}.Debug|Any CPU.ActiveCfg = Debug|Any CPU
		{CE60AE9C-45DC-4337-8E71-C6BBBC507E70}.Debug|Any CPU.Build.0 = Debug|Any CPU
		{CE60AE9C-45DC-4337-8E71-C6BBBC507E70}.Release|Any CPU.ActiveCfg = Release|Any CPU
		{CE60AE9C-45DC-4337-8E71-C6BBBC507E70}.Release|Any CPU.Build.0 = Release|Any CPU
		{7EEB1422-5A7E-4DFD-A042-4767B7BDD9E6}.Debug|Any CPU.ActiveCfg = Debug|Any CPU
		{7EEB1422-5A7E-4DFD-A042-4767B7BDD9E6}.Debug|Any CPU.Build.0 = Debug|Any CPU
		{7EEB1422-5A7E-4DFD-A042-4767B7BDD9E6}.Release|Any CPU.ActiveCfg = Release|Any CPU
		{7EEB1422-5A7E-4DFD-A042-4767B7BDD9E6}.Release|Any CPU.Build.0 = Release|Any CPU
		{896AD551-C5AF-4EF5-B15D-097C7E9C96E7}.Debug|Any CPU.ActiveCfg = Debug|Any CPU
		{896AD551-C5AF-4EF5-B15D-097C7E9C96E7}.Debug|Any CPU.Build.0 = Debug|Any CPU
		{896AD551-C5AF-4EF5-B15D-097C7E9C96E7}.Release|Any CPU.ActiveCfg = Release|Any CPU
		{896AD551-C5AF-4EF5-B15D-097C7E9C96E7}.Release|Any CPU.Build.0 = Release|Any CPU
		{37DAD600-EB9E-41EC-A321-46F217326BD6}.Debug|Any CPU.ActiveCfg = Debug|Any CPU
		{37DAD600-EB9E-41EC-A321-46F217326BD6}.Debug|Any CPU.Build.0 = Debug|Any CPU
		{37DAD600-EB9E-41EC-A321-46F217326BD6}.Release|Any CPU.ActiveCfg = Release|Any CPU
		{37DAD600-EB9E-41EC-A321-46F217326BD6}.Release|Any CPU.Build.0 = Release|Any CPU
	EndGlobalSection
	GlobalSection(SolutionProperties) = preSolution
		HideSolutionNode = FALSE
	EndGlobalSection
EndGlobal
